
Microsoft Visual Studio Solution File, Format Version 12.00
# Visual Studio Version 17
VisualStudioVersion = 17.5.33516.290
MinimumVisualStudioVersion = 10.0.40219.1
Project("{FAE04EC0-301F-11D3-BF4B-00C04F79EFBC}") = "KittyCam", "CamApp\KittyCam.csproj", "{CBC1380F-AF0D-41CE-B2E9-9DF0AC96DDF9}"
EndProject
Global
	GlobalSection(SolutionConfigurationPlatforms) = preSolution
		Debug|Any CPU = Debug|Any CPU
		Release|Any CPU = Release|Any CPU
	EndGlobalSection
	GlobalSection(ProjectConfigurationPlatforms) = postSolution
		{CBC1380F-AF0D-41CE-B2E9-9DF0AC96DDF9}.Debug|Any CPU.ActiveCfg = Debug|Any CPU
		{CBC1380F-AF0D-41CE-B2E9-9DF0AC96DDF9}.Debug|Any CPU.Build.0 = Debug|Any CPU
		{CBC1380F-AF0D-41CE-B2E9-9DF0AC96DDF9}.Release|Any CPU.ActiveCfg = Release|Any CPU
		{CBC1380F-AF0D-41CE-B2E9-9DF0AC96DDF9}.Release|Any CPU.Build.0 = Release|Any CPU
	EndGlobalSection
	GlobalSection(SolutionProperties) = preSolution
		HideSolutionNode = FALSE
	EndGlobalSection
	GlobalSection(ExtensibilityGlobals) = postSolution
		SolutionGuid = {044DA927-643C-419A-9F0C-3B09DF8E62E6}
	EndGlobalSection
EndGlobal
